
Microsoft Visual Studio Solution File, Format Version 12.00
# Visual Studio Version 16
VisualStudioVersion = 16.0.33927.289
MinimumVisualStudioVersion = 10.0.40219.1
Project("{2150E333-8FDC-42A3-9474-1A3956D46DE8}") = "Task0", "Task0", "{78A23C3F-CD05-4DDE-9E4B-96109DBB0C32}"
EndProject
Project("{FAE04EC0-301F-11D3-BF4B-00C04F79EFBC}") = "Tyuiu.ZamyatinDY.Sprint1.Task0.V29", "Tyuiu.ZamyatinDY.Sprint1.Task0.V29\Tyuiu.ZamyatinDY.Sprint1.Task0.V29.csproj", "{7413F9BE-9623-4517-ABFD-6905E46C498E}"
EndProject
Project("{FAE04EC0-301F-11D3-BF4B-00C04F79EFBC}") = "Tyuiu.ZamyatinDY.Sprint1.Task0.V29.Lib", "Tyuiu.ZamyatinDY.Sprint1.Task0.V29.Lib\Tyuiu.ZamyatinDY.Sprint1.Task0.V29.Lib.csproj", "{61BAEE5D-2C24-401E-A630-831BE4EF4415}"
EndProject
Project("{FAE04EC0-301F-11D3-BF4B-00C04F79EFBC}") = "Tyuiu.ZamyatinDY.Sprint1.Task0.V29.Test", "Tyuiu.ZamyatinDY.Sprint1.Task0.V29.Test\Tyuiu.ZamyatinDY.Sprint1.Task0.V29.Test.csproj", "{2ED86BE2-D935-45E0-9870-CF237A4657B8}"
EndProject
Project("{2150E333-8FDC-42A3-9474-1A3956D46DE8}") = "Task1", "Task1", "{19EC8419-D17E-433F-89F2-C1C727E5E2B1}"
EndProject
Project("{FAE04EC0-301F-11D3-BF4B-00C04F79EFBC}") = "Tyuiu.ZamyatinDY.Sprint1.Task1.V19", "Tyuiu.ZamyatinDY.Sprint1.Task1.V19\Tyuiu.ZamyatinDY.Sprint1.Task1.V19.csproj", "{84433310-E8C7-450A-B37C-84B789442EAE}"
EndProject
Project("{FAE04EC0-301F-11D3-BF4B-00C04F79EFBC}") = "Tyuiu.ZamyatinDY.Sprint1.Task1.V19.Lib", "Tyuiu.ZamyatinDY.Sprint1.Task1.V19.Lib\Tyuiu.ZamyatinDY.Sprint1.Task1.V19.Lib.csproj", "{A5943A25-BD1A-4B28-97C9-3A274F5D93A2}"
EndProject
Project("{FAE04EC0-301F-11D3-BF4B-00C04F79EFBC}") = "Tyuiu.ZamyatinDY.Sprint1.Task1.V19.Test", "Tyuiu.ZamyatinDY.Sprint1.Task1.V19.Test\Tyuiu.ZamyatinDY.Sprint1.Task1.V19.Test.csproj", "{277DA179-A378-4F7C-8F41-1DA18459B8D3}"
EndProject
Project("{2150E333-8FDC-42A3-9474-1A3956D46DE8}") = "Task2", "Task2", "{6BA72954-4C3E-47CE-8915-F57F85070CD1}"
EndProject
Project("{FAE04EC0-301F-11D3-BF4B-00C04F79EFBC}") = "Tyuiu.ZamyatinDY.Sprint1.Task2.V5", "Tyuiu.ZamyatinDY.Sprint1.Task2.V5\Tyuiu.ZamyatinDY.Sprint1.Task2.V5.csproj", "{7787A74B-EE35-48EB-B3D8-E171963AD754}"
EndProject
Project("{FAE04EC0-301F-11D3-BF4B-00C04F79EFBC}") = "Tyuiu.ZamyatinDY.Sprint1.Task2.V5.Lib", "Tyuiu.ZamyatinDY.Sprint1.Task2.V5.Lib\Tyuiu.ZamyatinDY.Sprint1.Task2.V5.Lib.csproj", "{088F8006-1E6B-4789-92FF-649ACA8BE990}"
EndProject
Project("{FAE04EC0-301F-11D3-BF4B-00C04F79EFBC}") = "Tyuiu.ZamyatinDY.Sprint1.Task2.V5.Test", "Tyuiu.ZamyatinDY.Sprint1.Task2.V5.Test\Tyuiu.ZamyatinDY.Sprint1.Task2.V5.Test.csproj", "{D50B0E75-2BF1-4206-8892-5591FD5F55E9}"
EndProject
Project("{2150E333-8FDC-42A3-9474-1A3956D46DE8}") = "Task3", "Task3", "{8BCB78BD-0938-40EF-A30C-47716A73E09F}"
EndProject
Project("{FAE04EC0-301F-11D3-BF4B-00C04F79EFBC}") = "Tyuiu.ZamyatinDY.Sprint1.Task3.V13", "Tyuiu.ZamyatinDY.Sprint1.Task3.V13\Tyuiu.ZamyatinDY.Sprint1.Task3.V13.csproj", "{369BA331-6124-4427-8F32-4730A34D4B18}"
EndProject
Project("{FAE04EC0-301F-11D3-BF4B-00C04F79EFBC}") = "Tyuiu.ZamyatinDY.Sprint1.Task3.V13.Lib", "Tyuiu.ZamyatinDY.Sprint1.Task3.V13.Lib\Tyuiu.ZamyatinDY.Sprint1.Task3.V13.Lib.csproj", "{AF05F281-CDC9-45D6-9D4B-191F1ADE82C2}"
EndProject
Project("{FAE04EC0-301F-11D3-BF4B-00C04F79EFBC}") = "Tyuiu.ZamyatinDY.Sprint1.Task3.V13.Test", "Tyuiu.ZamyatinDY.Sprint1.Task3.V13.Test\Tyuiu.ZamyatinDY.Sprint1.Task3.V13.Test.csproj", "{F3148C36-84AF-4C62-B432-A329BD6DE9C8}"
EndProject
Project("{2150E333-8FDC-42A3-9474-1A3956D46DE8}") = "Task4", "Task4", "{AF5B45A8-C831-4836-88C1-88E65B938DE9}"
EndProject
Project("{FAE04EC0-301F-11D3-BF4B-00C04F79EFBC}") = "Tyuiu.ZamyatinDY.Sprint1.Task4.V2", "Tyuiu.ZamyatinDY.Sprint1.Task4.V2\Tyuiu.ZamyatinDY.Sprint1.Task4.V2.csproj", "{71D78660-4D19-4B85-BA99-E3ED3E3DD751}"
EndProject
Project("{FAE04EC0-301F-11D3-BF4B-00C04F79EFBC}") = "Tyuiu.ZamyatinDY.Sprint1.Task4.V2.Lib", "Tyuiu.ZamyatinDY.Sprint1.Task4.V2.Lib\Tyuiu.ZamyatinDY.Sprint1.Task4.V2.Lib.csproj", "{A15FFF86-754E-457B-9772-C9039DBE9B08}"
EndProject
Project("{FAE04EC0-301F-11D3-BF4B-00C04F79EFBC}") = "Tyuiu.ZamyatinDY.Sprint1.Task4.V2.Test", "Tyuiu.ZamyatinDY.Sprint1.Task4.V2.Test\Tyuiu.ZamyatinDY.Sprint1.Task4.V2.Test.csproj", "{3BFC9CD6-C6E3-47C9-94EF-93ADF8CD64EE}"
EndProject
Global
	GlobalSection(SolutionConfigurationPlatforms) = preSolution
		Debug|Any CPU = Debug|Any CPU
		Release|Any CPU = Release|Any CPU
	EndGlobalSection
	GlobalSection(ProjectConfigurationPlatforms) = postSolution
		{7413F9BE-9623-4517-ABFD-6905E46C498E}.Debug|Any CPU.ActiveCfg = Debug|Any CPU
		{7413F9BE-9623-4517-ABFD-6905E46C498E}.Debug|Any CPU.Build.0 = Debug|Any CPU
		{7413F9BE-9623-4517-ABFD-6905E46C498E}.Release|Any CPU.ActiveCfg = Release|Any CPU
		{7413F9BE-9623-4517-ABFD-6905E46C498E}.Release|Any CPU.Build.0 = Release|Any CPU
		{61BAEE5D-2C24-401E-A630-831BE4EF4415}.Debug|Any CPU.ActiveCfg = Debug|Any CPU
		{61BAEE5D-2C24-401E-A630-831BE4EF4415}.Debug|Any CPU.Build.0 = Debug|Any CPU
		{61BAEE5D-2C24-401E-A630-831BE4EF4415}.Release|Any CPU.ActiveCfg = Release|Any CPU
		{61BAEE5D-2C24-401E-A630-831BE4EF4415}.Release|Any CPU.Build.0 = Release|Any CPU
		{2ED86BE2-D935-45E0-9870-CF237A4657B8}.Debug|Any CPU.ActiveCfg = Debug|Any CPU
		{2ED86BE2-D935-45E0-9870-CF237A4657B8}.Debug|Any CPU.Build.0 = Debug|Any CPU
		{2ED86BE2-D935-45E0-9870-CF237A4657B8}.Release|Any CPU.ActiveCfg = Release|Any CPU
		{2ED86BE2-D935-45E0-9870-CF237A4657B8}.Release|Any CPU.Build.0 = Release|Any CPU
		{84433310-E8C7-450A-B37C-84B789442EAE}.Debug|Any CPU.ActiveCfg = Debug|Any CPU
		{84433310-E8C7-450A-B37C-84B789442EAE}.Debug|Any CPU.Build.0 = Debug|Any CPU
		{84433310-E8C7-450A-B37C-84B789442EAE}.Release|Any CPU.ActiveCfg = Release|Any CPU
		{84433310-E8C7-450A-B37C-84B789442EAE}.Release|Any CPU.Build.0 = Release|Any CPU
		{A5943A25-BD1A-4B28-97C9-3A274F5D93A2}.Debug|Any CPU.ActiveCfg = Debug|Any CPU
		{A5943A25-BD1A-4B28-97C9-3A274F5D93A2}.Debug|Any CPU.Build.0 = Debug|Any CPU
		{A5943A25-BD1A-4B28-97C9-3A274F5D93A2}.Release|Any CPU.ActiveCfg = Release|Any CPU
		{A5943A25-BD1A-4B28-97C9-3A274F5D93A2}.Release|Any CPU.Build.0 = Release|Any CPU
		{277DA179-A378-4F7C-8F41-1DA18459B8D3}.Debug|Any CPU.ActiveCfg = Debug|Any CPU
		{277DA179-A378-4F7C-8F41-1DA18459B8D3}.Debug|Any CPU.Build.0 = Debug|Any CPU
		{277DA179-A378-4F7C-8F41-1DA18459B8D3}.Release|Any CPU.ActiveCfg = Release|Any CPU
		{277DA179-A378-4F7C-8F41-1DA18459B8D3}.Release|Any CPU.Build.0 = Release|Any CPU
		{7787A74B-EE35-48EB-B3D8-E171963AD754}.Debug|Any CPU.ActiveCfg = Debug|Any CPU
		{7787A74B-EE35-48EB-B3D8-E171963AD754}.Debug|Any CPU.Build.0 = Debug|Any CPU
		{7787A74B-EE35-48EB-B3D8-E171963AD754}.Release|Any CPU.ActiveCfg = Release|Any CPU
		{7787A74B-EE35-48EB-B3D8-E171963AD754}.Release|Any CPU.Build.0 = Release|Any CPU
		{088F8006-1E6B-4789-92FF-649ACA8BE990}.Debug|Any CPU.ActiveCfg = Debug|Any CPU
		{088F8006-1E6B-4789-92FF-649ACA8BE990}.Debug|Any CPU.Build.0 = Debug|Any CPU
		{088F8006-1E6B-4789-92FF-649ACA8BE990}.Release|Any CPU.ActiveCfg = Release|Any CPU
		{088F8006-1E6B-4789-92FF-649ACA8BE990}.Release|Any CPU.Build.0 = Release|Any CPU
		{D50B0E75-2BF1-4206-8892-5591FD5F55E9}.Debug|Any CPU.ActiveCfg = Debug|Any CPU
		{D50B0E75-2BF1-4206-8892-5591FD5F55E9}.Debug|Any CPU.Build.0 = Debug|Any CPU
		{D50B0E75-2BF1-4206-8892-5591FD5F55E9}.Release|Any CPU.ActiveCfg = Release|Any CPU
		{D50B0E75-2BF1-4206-8892-5591FD5F55E9}.Release|Any CPU.Build.0 = Release|Any CPU
		{369BA331-6124-4427-8F32-4730A34D4B18}.Debug|Any CPU.ActiveCfg = Debug|Any CPU
		{369BA331-6124-4427-8F32-4730A34D4B18}.Debug|Any CPU.Build.0 = Debug|Any CPU
		{369BA331-6124-4427-8F32-4730A34D4B18}.Release|Any CPU.ActiveCfg = Release|Any CPU
		{369BA331-6124-4427-8F32-4730A34D4B18}.Release|Any CPU.Build.0 = Release|Any CPU
		{AF05F281-CDC9-45D6-9D4B-191F1ADE82C2}.Debug|Any CPU.ActiveCfg = Debug|Any CPU
		{AF05F281-CDC9-45D6-9D4B-191F1ADE82C2}.Debug|Any CPU.Build.0 = Debug|Any CPU
		{AF05F281-CDC9-45D6-9D4B-191F1ADE82C2}.Release|Any CPU.ActiveCfg = Release|Any CPU
		{AF05F281-CDC9-45D6-9D4B-191F1ADE82C2}.Release|Any CPU.Build.0 = Release|Any CPU
		{F3148C36-84AF-4C62-B432-A329BD6DE9C8}.Debug|Any CPU.ActiveCfg = Debug|Any CPU
		{F3148C36-84AF-4C62-B432-A329BD6DE9C8}.Debug|Any CPU.Build.0 = Debug|Any CPU
		{F3148C36-84AF-4C62-B432-A329BD6DE9C8}.Release|Any CPU.ActiveCfg = Release|Any CPU
		{F3148C36-84AF-4C62-B432-A329BD6DE9C8}.Release|Any CPU.Build.0 = Release|Any CPU
		{71D78660-4D19-4B85-BA99-E3ED3E3DD751}.Debug|Any CPU.ActiveCfg = Debug|Any CPU
		{71D78660-4D19-4B85-BA99-E3ED3E3DD751}.Debug|Any CPU.Build.0 = Debug|Any CPU
		{71D78660-4D19-4B85-BA99-E3ED3E3DD751}.Release|Any CPU.ActiveCfg = Release|Any CPU
		{71D78660-4D19-4B85-BA99-E3ED3E3DD751}.Release|Any CPU.Build.0 = Release|Any CPU
		{A15FFF86-754E-457B-9772-C9039DBE9B08}.Debug|Any CPU.ActiveCfg = Debug|Any CPU
		{A15FFF86-754E-457B-9772-C9039DBE9B08}.Debug|Any CPU.Build.0 = Debug|Any CPU
		{A15FFF86-754E-457B-9772-C9039DBE9B08}.Release|Any CPU.ActiveCfg = Release|Any CPU
		{A15FFF86-754E-457B-9772-C9039DBE9B08}.Release|Any CPU.Build.0 = Release|Any CPU
		{3BFC9CD6-C6E3-47C9-94EF-93ADF8CD64EE}.Debug|Any CPU.ActiveCfg = Debug|Any CPU
		{3BFC9CD6-C6E3-47C9-94EF-93ADF8CD64EE}.Debug|Any CPU.Build.0 = Debug|Any CPU
		{3BFC9CD6-C6E3-47C9-94EF-93ADF8CD64EE}.Release|Any CPU.ActiveCfg = Release|Any CPU
		{3BFC9CD6-C6E3-47C9-94EF-93ADF8CD64EE}.Release|Any CPU.Build.0 = Release|Any CPU
	EndGlobalSection
	GlobalSection(SolutionProperties) = preSolution
		HideSolutionNode = FALSE
	EndGlobalSection
	GlobalSection(NestedProjects) = preSolution
		{7413F9BE-9623-4517-ABFD-6905E46C498E} = {78A23C3F-CD05-4DDE-9E4B-96109DBB0C32}
		{61BAEE5D-2C24-401E-A630-831BE4EF4415} = {78A23C3F-CD05-4DDE-9E4B-96109DBB0C32}
		{2ED86BE2-D935-45E0-9870-CF237A4657B8} = {78A23C3F-CD05-4DDE-9E4B-96109DBB0C32}
		{84433310-E8C7-450A-B37C-84B789442EAE} = {19EC8419-D17E-433F-89F2-C1C727E5E2B1}
		{A5943A25-BD1A-4B28-97C9-3A274F5D93A2} = {19EC8419-D17E-433F-89F2-C1C727E5E2B1}
		{277DA179-A378-4F7C-8F41-1DA18459B8D3} = {19EC8419-D17E-433F-89F2-C1C727E5E2B1}
		{7787A74B-EE35-48EB-B3D8-E171963AD754} = {6BA72954-4C3E-47CE-8915-F57F85070CD1}
		{088F8006-1E6B-4789-92FF-649ACA8BE990} = {6BA72954-4C3E-47CE-8915-F57F85070CD1}
		{D50B0E75-2BF1-4206-8892-5591FD5F55E9} = {6BA72954-4C3E-47CE-8915-F57F85070CD1}
		{369BA331-6124-4427-8F32-4730A34D4B18} = {8BCB78BD-0938-40EF-A30C-47716A73E09F}
		{AF05F281-CDC9-45D6-9D4B-191F1ADE82C2} = {8BCB78BD-0938-40EF-A30C-47716A73E09F}
		{F3148C36-84AF-4C62-B432-A329BD6DE9C8} = {8BCB78BD-0938-40EF-A30C-47716A73E09F}
		{71D78660-4D19-4B85-BA99-E3ED3E3DD751} = {AF5B45A8-C831-4836-88C1-88E65B938DE9}
		{A15FFF86-754E-457B-9772-C9039DBE9B08} = {AF5B45A8-C831-4836-88C1-88E65B938DE9}
		{3BFC9CD6-C6E3-47C9-94EF-93ADF8CD64EE} = {AF5B45A8-C831-4836-88C1-88E65B938DE9}
	EndGlobalSection
	GlobalSection(ExtensibilityGlobals) = postSolution
		SolutionGuid = {764D3CBD-0868-4361-9187-0E91C7C1D3F2}
	EndGlobalSection
EndGlobal
